
Microsoft Visual Studio Solution File, Format Version 12.00
# Visual Studio 15
VisualStudioVersion = 15.0.28307.779
MinimumVisualStudioVersion = 10.0.40219.1
Project("{FAE04EC0-301F-11D3-BF4B-00C04F79EFBC}") = "MVC_ISS(!)", "MVC_ISS(!)\MVC_ISS(!).csproj", "{8D50C960-10DA-402A-94A9-6AFC33F5841D}"
EndProject
Global
	GlobalSection(SolutionConfigurationPlatforms) = preSolution
		Debug|Any CPU = Debug|Any CPU
		Release|Any CPU = Release|Any CPU
	EndGlobalSection
	GlobalSection(ProjectConfigurationPlatforms) = postSolution
		{8D50C960-10DA-402A-94A9-6AFC33F5841D}.Debug|Any CPU.ActiveCfg = Debug|Any CPU
		{8D50C960-10DA-402A-94A9-6AFC33F5841D}.Debug|Any CPU.Build.0 = Debug|Any CPU
		{8D50C960-10DA-402A-94A9-6AFC33F5841D}.Release|Any CPU.ActiveCfg = Release|Any CPU
		{8D50C960-10DA-402A-94A9-6AFC33F5841D}.Release|Any CPU.Build.0 = Release|Any CPU
	EndGlobalSection
	GlobalSection(SolutionProperties) = preSolution
		HideSolutionNode = FALSE
	EndGlobalSection
	GlobalSection(ExtensibilityGlobals) = postSolution
		SolutionGuid = {29EDB1A6-FBAC-4643-B36E-1690F9DDB16A}
	EndGlobalSection
EndGlobal
